# @generated - this file is auto-generated by `mise lock` https://mise.jdx.dev/dev-tools/mise-lock.html

lockfile_version = 3

[[tools.actionlint]]
version = "1.7.12"
backend = "aqua:rhysd/actionlint"
specifiers = ["1.7.12"]

[tools.actionlint."platforms.linux-arm64"]
checksum = "sha256:325e971b6ba9bfa504672e29be93c24981eeb1c07576d730e9f7c8805afff0c6"
url = "https://github.com/rhysd/actionlint/releases/download/v1.7.12/actionlint_1.7.12_linux_arm64.tar.gz"
url_api = "https://api.github.com/repos/rhysd/actionlint/releases/assets/384924897"
provenance = "github-attestations"

[tools.actionlint."platforms.linux-arm64-musl"]
checksum = "sha256:325e971b6ba9bfa504672e29be93c24981eeb1c07576d730e9f7c8805afff0c6"
url = "https://github.com/rhysd/actionlint/releases/download/v1.7.12/actionlint_1.7.12_linux_arm64.tar.gz"
url_api = "https://api.github.com/repos/rhysd/actionlint/releases/assets/384924897"
provenance = "github-attestations"

[tools.actionlint."platforms.linux-x64"]
checksum = "sha256:8aca8db96f1b94770f1b0d72b6dddcb1ebb8123cb3712530b08cc387b349a3d8"
url = "https://github.com/rhysd/actionlint/releases/download/v1.7.12/actionlint_1.7.12_linux_amd64.tar.gz"
url_api = "https://api.github.com/repos/rhysd/actionlint/releases/assets/384924896"
provenance = "github-attestations"

[tools.actionlint."platforms.linux-x64-musl"]
checksum = "sha256:8aca8db96f1b94770f1b0d72b6dddcb1ebb8123cb3712530b08cc387b349a3d8"
url = "https://github.com/rhysd/actionlint/releases/download/v1.7.12/actionlint_1.7.12_linux_amd64.tar.gz"
url_api = "https://api.github.com/repos/rhysd/actionlint/releases/assets/384924896"
provenance = "github-attestations"

[tools.actionlint."platforms.macos-arm64"]
checksum = "sha256:aba9ced2dee8d27fecca3dc7feb1a7f9a52caefa1eb46f3271ea66b6e0e6953f"
url = "https://github.com/rhysd/actionlint/releases/download/v1.7.12/actionlint_1.7.12_darwin_arm64.tar.gz"
url_api = "https://api.github.com/repos/rhysd/actionlint/releases/assets/384924893"
provenance = "github-attestations"

[tools.actionlint."platforms.macos-x64"]
checksum = "sha256:5b44c3bc2255115c9b69e30efc0fecdf498fdb63c5d58e17084fd5f16324c644"
url = "https://github.com/rhysd/actionlint/releases/download/v1.7.12/actionlint_1.7.12_darwin_amd64.tar.gz"
url_api = "https://api.github.com/repos/rhysd/actionlint/releases/assets/384924880"
provenance = "github-attestations"

[tools.actionlint."platforms.windows-x64"]
checksum = "sha256:6e7241b51e6817ea6a047693d8e6fed13b31819c9a0dd6c5a726e1592d22f6e9"
url = "https://github.com/rhysd/actionlint/releases/download/v1.7.12/actionlint_1.7.12_windows_amd64.zip"
url_api = "https://api.github.com/repos/rhysd/actionlint/releases/assets/384924919"
provenance = "github-attestations"

[[tools.pre-commit]]
version = "4.6.2"
backend = "aqua:pre-commit/pre-commit"
specifiers = ["4.6.2"]

[tools.pre-commit."platforms.linux-arm64"]
checksum = "sha256:43c09a73d82af8efff09900e60d76d67a2c3d990613c3c770b2b5c4418a16c4b"
url = "https://github.com/pre-commit/pre-commit/releases/download/v4.6.2/pre-commit-4.6.2.pyz"
url_api = "https://api.github.com/repos/pre-commit/pre-commit/releases/assets/509317714"

[tools.pre-commit."platforms.linux-arm64-musl"]
checksum = "sha256:43c09a73d82af8efff09900e60d76d67a2c3d990613c3c770b2b5c4418a16c4b"
url = "https://github.com/pre-commit/pre-commit/releases/download/v4.6.2/pre-commit-4.6.2.pyz"
url_api = "https://api.github.com/repos/pre-commit/pre-commit/releases/assets/509317714"

[tools.pre-commit."platforms.linux-x64"]
checksum = "sha256:43c09a73d82af8efff09900e60d76d67a2c3d990613c3c770b2b5c4418a16c4b"
url = "https://github.com/pre-commit/pre-commit/releases/download/v4.6.2/pre-commit-4.6.2.pyz"
url_api = "https://api.github.com/repos/pre-commit/pre-commit/releases/assets/509317714"

[tools.pre-commit."platforms.linux-x64-musl"]
checksum = "sha256:43c09a73d82af8efff09900e60d76d67a2c3d990613c3c770b2b5c4418a16c4b"
url = "https://github.com/pre-commit/pre-commit/releases/download/v4.6.2/pre-commit-4.6.2.pyz"
url_api = "https://api.github.com/repos/pre-commit/pre-commit/releases/assets/509317714"

[tools.pre-commit."platforms.macos-arm64"]
checksum = "sha256:43c09a73d82af8efff09900e60d76d67a2c3d990613c3c770b2b5c4418a16c4b"
url = "https://github.com/pre-commit/pre-commit/releases/download/v4.6.2/pre-commit-4.6.2.pyz"
url_api = "https://api.github.com/repos/pre-commit/pre-commit/releases/assets/509317714"

[tools.pre-commit."platforms.macos-x64"]
checksum = "sha256:43c09a73d82af8efff09900e60d76d67a2c3d990613c3c770b2b5c4418a16c4b"
url = "https://github.com/pre-commit/pre-commit/releases/download/v4.6.2/pre-commit-4.6.2.pyz"
url_api = "https://api.github.com/repos/pre-commit/pre-commit/releases/assets/509317714"

[[tools.terraform]]
version = "1.16.5"
backend = "aqua:hashicorp/terraform"
specifiers = ["1.16.5"]

[tools.terraform."platforms.linux-arm64"]
checksum = "sha256:61a50b00485ee4810cf20581ef080fc54d34d666e175c58d9a10501c65c1ccde"
url = "https://releases.hashicorp.com/terraform/1.16.5/terraform_1.16.5_linux_arm64.zip"

[tools.terraform."platforms.linux-arm64-musl"]
checksum = "sha256:61a50b00485ee4810cf20581ef080fc54d34d666e175c58d9a10501c65c1ccde"
url = "https://releases.hashicorp.com/terraform/1.16.5/terraform_1.16.5_linux_arm64.zip"

[tools.terraform."platforms.linux-x64"]
checksum = "sha256:2bc2fcfff033265c9e02ca0351f01794eb122f62a9b2a49a3294b9e49eaab5e4"
url = "https://releases.hashicorp.com/terraform/1.16.5/terraform_1.16.5_linux_amd64.zip"

[tools.terraform."platforms.linux-x64-musl"]
checksum = "sha256:2bc2fcfff033265c9e02ca0351f01794eb122f62a9b2a49a3294b9e49eaab5e4"
url = "https://releases.hashicorp.com/terraform/1.16.5/terraform_1.16.5_linux_amd64.zip"

[tools.terraform."platforms.macos-arm64"]
checksum = "sha256:ecdef65e24193d627f27c39baeda31295f08c938d8a3d4764f442fb916d4b7dc"
url = "https://releases.hashicorp.com/terraform/1.16.5/terraform_1.16.5_darwin_arm64.zip"

[tools.terraform."platforms.macos-x64"]
checksum = "sha256:9809158e481cf2d3a8433e59179f397b8edb5172397711bd98f6bb32edcaf53b"
url = "https://releases.hashicorp.com/terraform/1.16.5/terraform_1.16.5_darwin_amd64.zip"

[tools.terraform."platforms.windows-x64"]
checksum = "sha256:01700102b7291f95c0ab61394b55bfd5f57a12ac65632c2c1958691c8cf438ef"
url = "https://releases.hashicorp.com/terraform/1.16.5/terraform_1.16.5_windows_amd64.zip"

[[tools.terraform-docs]]
version = "0.24.0"
backend = "aqua:terraform-docs/terraform-docs"
specifiers = ["0.24.0"]

[tools.terraform-docs."platforms.linux-arm64"]
checksum = "sha256:d12bd7b73c1fc9c64efc79f8157dd713dabd559f1ecf3cfc0f42e32279a155fd"
url = "https://github.com/terraform-docs/terraform-docs/releases/download/v0.24.0/terraform-docs-v0.24.0-linux-arm64.tar.gz"
url_api = "https://api.github.com/repos/terraform-docs/terraform-docs/releases/assets/416956212"

[tools.terraform-docs."platforms.linux-arm64-musl"]
checksum = "sha256:d12bd7b73c1fc9c64efc79f8157dd713dabd559f1ecf3cfc0f42e32279a155fd"
url = "https://github.com/terraform-docs/terraform-docs/releases/download/v0.24.0/terraform-docs-v0.24.0-linux-arm64.tar.gz"
url_api = "https://api.github.com/repos/terraform-docs/terraform-docs/releases/assets/416956212"

[tools.terraform-docs."platforms.linux-x64"]
checksum = "sha256:9005daf969de0b50134493a2c00078b49f5f5b39d021cda7c89bf4d4f3d776d3"
url = "https://github.com/terraform-docs/terraform-docs/releases/download/v0.24.0/terraform-docs-v0.24.0-linux-amd64.tar.gz"
url_api = "https://api.github.com/repos/terraform-docs/terraform-docs/releases/assets/416956208"

[tools.terraform-docs."platforms.linux-x64-musl"]
checksum = "sha256:9005daf969de0b50134493a2c00078b49f5f5b39d021cda7c89bf4d4f3d776d3"
url = "https://github.com/terraform-docs/terraform-docs/releases/download/v0.24.0/terraform-docs-v0.24.0-linux-amd64.tar.gz"
url_api = "https://api.github.com/repos/terraform-docs/terraform-docs/releases/assets/416956208"

[tools.terraform-docs."platforms.macos-arm64"]
checksum = "sha256:f6b114f4b032f3f9202ab6c23bfd28c3c8e68aeeb8a8f12fc118bf2073081d71"
url = "https://github.com/terraform-docs/terraform-docs/releases/download/v0.24.0/terraform-docs-v0.24.0-darwin-arm64.tar.gz"
url_api = "https://api.github.com/repos/terraform-docs/terraform-docs/releases/assets/416956237"

[tools.terraform-docs."platforms.macos-x64"]
checksum = "sha256:3c3f7f18f908457fd1209cbe341418f7f6bae78c08126cfbe8de0d1b06aa8781"
url = "https://github.com/terraform-docs/terraform-docs/releases/download/v0.24.0/terraform-docs-v0.24.0-darwin-amd64.tar.gz"
url_api = "https://api.github.com/repos/terraform-docs/terraform-docs/releases/assets/416956256"

[tools.terraform-docs."platforms.windows-x64"]
checksum = "sha256:afc02cbdf63726d3e5fb26a077ca1f24acd4820d7e44c21b03a3e030f9266490"
url = "https://github.com/terraform-docs/terraform-docs/releases/download/v0.24.0/terraform-docs-v0.24.0-windows-amd64.zip"
url_api = "https://api.github.com/repos/terraform-docs/terraform-docs/releases/assets/416956245"

[[tools.zizmor]]
version = "1.30.1"
backend = "aqua:zizmorcore/zizmor"
specifiers = ["1.30.1"]

[tools.zizmor."platforms.linux-arm64"]
checksum = "sha256:7ff1dce33bdd18fd2a4affe63bdd47efcccca97b2cec1c1863ec26e9e2647540"
url = "https://github.com/zizmorcore/zizmor/releases/download/v1.30.1/zizmor-aarch64-unknown-linux-gnu.tar.gz"
url_api = "https://api.github.com/repos/zizmorcore/zizmor/releases/assets/552067643"
provenance = "github-attestations"

[tools.zizmor."platforms.linux-arm64-musl"]
checksum = "sha256:7ff1dce33bdd18fd2a4affe63bdd47efcccca97b2cec1c1863ec26e9e2647540"
url = "https://github.com/zizmorcore/zizmor/releases/download/v1.30.1/zizmor-aarch64-unknown-linux-gnu.tar.gz"
url_api = "https://api.github.com/repos/zizmorcore/zizmor/releases/assets/552067643"
provenance = "github-attestations"

[tools.zizmor."platforms.linux-x64"]
checksum = "sha256:e65324f4430c2717591937edcec90ccbefaf14c174f8ec9415e03ca875b46e1a"
url = "https://github.com/zizmorcore/zizmor/releases/download/v1.30.1/zizmor-x86_64-unknown-linux-gnu.tar.gz"
url_api = "https://api.github.com/repos/zizmorcore/zizmor/releases/assets/552067642"
provenance = "github-attestations"

[tools.zizmor."platforms.linux-x64-musl"]
checksum = "sha256:e65324f4430c2717591937edcec90ccbefaf14c174f8ec9415e03ca875b46e1a"
url = "https://github.com/zizmorcore/zizmor/releases/download/v1.30.1/zizmor-x86_64-unknown-linux-gnu.tar.gz"
url_api = "https://api.github.com/repos/zizmorcore/zizmor/releases/assets/552067642"
provenance = "github-attestations"

[tools.zizmor."platforms.macos-arm64"]
checksum = "sha256:e28d22b087f9ebb8d99da6e740d348c930f559961c7c3f12badda54f882195a2"
url = "https://github.com/zizmorcore/zizmor/releases/download/v1.30.1/zizmor-aarch64-apple-darwin.tar.gz"
url_api = "https://api.github.com/repos/zizmorcore/zizmor/releases/assets/552067640"
provenance = "github-attestations"

[tools.zizmor."platforms.macos-x64"]
checksum = "sha256:10e6b18b11ea07e515a16f0f0518c7b07527bc9977c1fd5698181ce7f3554202"
url = "https://github.com/zizmorcore/zizmor/releases/download/v1.30.1/zizmor-x86_64-apple-darwin.tar.gz"
url_api = "https://api.github.com/repos/zizmorcore/zizmor/releases/assets/552067641"
provenance = "github-attestations"

[tools.zizmor."platforms.windows-x64"]
checksum = "sha256:b183b1e996eddfab9659f1e9b46e059f1ef1cf984a1f14e5da09f7876a4b3a1c"
url = "https://github.com/zizmorcore/zizmor/releases/download/v1.30.1/zizmor-x86_64-pc-windows-msvc.zip"
url_api = "https://api.github.com/repos/zizmorcore/zizmor/releases/assets/552067645"
provenance = "github-attestations"
